github.com/goloop/g/v2 v2.1.0 h1:pz4yHFA1aeorwQ7QE8vajd92cGaZ80/mAfCKfTGcTR4=
github.com/goloop/g/v2 v2.1.0/go.mod h1:Yp2g5obFAo0xuiWYu8fMCNRZwfhT0amqXXPJwr6eyhY=
github.com/goloop/is/v2 v2.1.0 h1:/DavQq/6wW6muhCjFeE0ajHZaB1rI4EQ/Z7HrAHW4Ww=
github.com/goloop/is/v2 v2.1.0/go.mod h1:Tllk7/8fKNPXw7tpp3xxmqg/W+b6sCCCHpwx4vcWnYU=
github.com/goloop/trit/v2 v2.1.1 h1:up2FfSpvU9J3GVHCdkryAFwP5RiBYnzvKklsLH665zQ=
github.com/goloop/trit/v2 v2.1.1/go.mod h1:L1IJvAXSzJm/A0yiR5hklDWLqipn/GNCYbTewxH5T6M=
