github.com/goloop/g v1.12.1 h1:erXPswHAs589x3NQd9Y2k2UV5VBag+CksgH0InG+uN8=
github.com/goloop/g v1.12.1/go.mod h1:5BquORxmxN/3eRjc/hXKJ3DchXz9CCpA8PZmdyQ1rIE=
github.com/goloop/is v1.4.0 h1:Ha9kvgku6AScWcNx/J9gq3iiD+XAqIRum09JgtRv2Zk=
github.com/goloop/is v1.4.0/go.mod h1:wrFW9DTFePYdWXH1Y8ZGUWOi8N8XCZ3vMsV9xald618=
github.com/goloop/trit v1.7.1 h1:I061GVHqQ64Ri/qnkNRXuL/Gd4RHwqDil6sTQ7rK0ww=
github.com/goloop/trit v1.7.1/go.mod h1:DVMcZPI0c2vjgl/F7SXsAE3AsDDEdVnAofRhnzqFsi0=
